{
  "name": "EWScoursework",
  "version": "1.0.0",
  "lockfileVersion": 1,
  "requires": true,
  "dependencies": {
    "webpack-node-externals": {
      "version": "2.5.2",
      "resolved": "https://registry.npmjs.org/webpack-node-externals/-/webpack-node-externals-2.5.2.tgz",
      "integrity": "sha512-aHdl/y2N7PW2Sx7K+r3AxpJO+aDMcYzMQd60Qxefq3+EwhewSbTBqNumOsCE1JsCUNoyfGj5465N0sSf6hc/5w=="
    }
  }
}
